
Microsoft Visual Studio Solution File, Format Version 12.00
# Visual Studio Version 17
VisualStudioVersion = 17.0.32112.339
MinimumVisualStudioVersion = 10.0.40219.1
Project("{FAE04EC0-301F-11D3-BF4B-00C04F79EFBC}") = "Videoclub", "Videoclub\Videoclub.csproj", "{58934004-1662-4834-88D5-F1E143E37EB3}"
EndProject
Global
	GlobalSection(SolutionConfigurationPlatforms) = preSolution
		Debug|Any CPU = Debug|Any CPU
		Release|Any CPU = Release|Any CPU
	EndGlobalSection
	GlobalSection(ProjectConfigurationPlatforms) = postSolution
		{58934004-1662-4834-88D5-F1E143E37EB3}.Debug|Any CPU.ActiveCfg = Debug|Any CPU
		{58934004-1662-4834-88D5-F1E143E37EB3}.Debug|Any CPU.Build.0 = Debug|Any CPU
		{58934004-1662-4834-88D5-F1E143E37EB3}.Release|Any CPU.ActiveCfg = Release|Any CPU
		{58934004-1662-4834-88D5-F1E143E37EB3}.Release|Any CPU.Build.0 = Release|Any CPU
	EndGlobalSection
	GlobalSection(SolutionProperties) = preSolution
		HideSolutionNode = FALSE
	EndGlobalSection
	GlobalSection(ExtensibilityGlobals) = postSolution
		SolutionGuid = {1E8F3BA8-8D7C-4B48-8E6E-53BECE4400F8}
	EndGlobalSection
EndGlobal
